<?xml version="1.0" encoding="UTF-8" standalone="yes" ?>
<CodeBlocks_project_file>
	<FileVersion major="1" minor="6" />
	<Project>
		<Option title="Phase2" />
		<Option pch_mode="2" />
		<Option compiler="gcc" />
		<Build>
			<Target title="Debug">
				<Option output="bin/Debug/Phase2" prefix_auto="1" extension_auto="1" />
				<Option object_output="obj/Debug/" />
				<Option type="1" />
				<Option compiler="gcc" />
				<Compiler>
					<Add option="-g" />
					<Add directory="include" />
				</Compiler>
			</Target>
			<Target title="Release">
				<Option output="bin/Release/Phase2" prefix_auto="1" extension_auto="1" />
				<Option object_output="obj/Release/" />
				<Option type="1" />
				<Option compiler="gcc" />
				<Compiler>
					<Add option="-O2" />
					<Add directory="include" />
				</Compiler>
				<Linker>
					<Add option="-s" />
				</Linker>
			</Target>
		</Build>
		<Compiler>
			<Add option="-Wall" />
			<Add option="-fexceptions" />
		</Compiler>
		<Unit filename="include/ActionRecord.h" />
		<Unit filename="include/ActionRecordFactory.h" />
		<Unit filename="include/ColorNode.h" />
		<Unit filename="include/DFABuilder.h" />
		<Unit filename="include/DFASimulator.h" />
		<Unit filename="include/DFAState.h" />
		<Unit filename="include/Derivator.h" />
		<Unit filename="include/FactorNode.h">
			<Option target="&lt;{~None~}&gt;" />
		</Unit>
		<Unit filename="include/Grammar.h" />
		<Unit filename="include/LexicalAnalyzer.h" />
		<Unit filename="include/Minimize.h" />
		<Unit filename="include/MinimizeDFASimulation.h" />
		<Unit filename="include/NFABuilder.h" />
		<Unit filename="include/NFASimulator.h" />
		<Unit filename="include/NFAState.h" />
		<Unit filename="include/Node.h" />
		<Unit filename="include/NonTerminal.h" />
		<Unit filename="include/ParsingTable.h" />
		<Unit filename="include/ReadFile.h" />
		<Unit filename="include/RegularDefinition.h" />
		<Unit filename="include/RegularExpression.h" />
		<Unit filename="include/Scanner.h" />
		<Unit filename="include/StateMachine.h" />
		<Unit filename="include/Terminal.h" />
		<Unit filename="include/Token.h" />
		<Unit filename="include/includes.h" />
		<Unit filename="main.cpp" />
		<Unit filename="src/ActionRecord.cpp" />
		<Unit filename="src/ActionRecordFactory.cpp" />
		<Unit filename="src/ColorNode.cpp" />
		<Unit filename="src/DFABuilder.cpp" />
		<Unit filename="src/DFASimulator.cpp" />
		<Unit filename="src/DFAState.cpp" />
		<Unit filename="src/Derivator.cpp" />
		<Unit filename="src/FactorNode.cpp" />
		<Unit filename="src/Grammar.cpp" />
		<Unit filename="src/LexicalAnalyzer.cpp" />
		<Unit filename="src/Minimize.cpp" />
		<Unit filename="src/MinimizeDFASimulation.cpp" />
		<Unit filename="src/NFABuilder.cpp" />
		<Unit filename="src/NFASimulator.cpp" />
		<Unit filename="src/NFAState.cpp" />
		<Unit filename="src/Node.cpp" />
		<Unit filename="src/NonTerminal.cpp" />
		<Unit filename="src/ParsingTable.cpp" />
		<Unit filename="src/ReadFile.cpp" />
		<Unit filename="src/RegularDefinition.cpp" />
		<Unit filename="src/RegularExpression.cpp" />
		<Unit filename="src/Scanner.cpp" />
		<Unit filename="src/StateMachine.cpp" />
		<Unit filename="src/Terminal.cpp" />
		<Unit filename="src/Token.cpp" />
		<Extensions>
			<code_completion />
			<envvars />
			<lib_finder disable_auto="1" />
			<debugger />
		</Extensions>
	</Project>
</CodeBlocks_project_file>
